# THIS IS AN AUTOGENERATED FILE. DO NOT EDIT THIS FILE DIRECTLY.
# yarn lockfile v1


"@lasso/marko-taglib@^1.0.8":
  version "1.0.9"
  resolved "https://registry.yarnpkg.com/@lasso/marko-taglib/-/marko-taglib-1.0.9.tgz#ded6e6114f71ae2789dbcbef1b04d5723fe4797b"
  dependencies:
    lasso-resolve-from "^1.2.0"
    raptor-logging "^1.1.3"
    raptor-util "^1.1.2"

accepts@~1.3.4:
  version "1.3.4"
  resolved "https://registry.yarnpkg.com/accepts/-/accepts-1.3.4.tgz#86246758c7dd6d21a6474ff084a4740ec05eb21f"
  dependencies:
    mime-types "~2.1.16"
    negotiator "0.6.1"

align-text@^0.1.1, align-text@^0.1.3:
  version "0.1.4"
  resolved "https://registry.yarnpkg.com/align-text/-/align-text-0.1.4.tgz#0cd90a561093f35d0a99256c22b7069433fad117"
  dependencies:
    kind-of "^3.0.2"
    longest "^1.0.1"
    repeat-string "^1.5.2"

amdefine@>=0.0.4:
  version "1.0.1"
  resolved "https://registry.yarnpkg.com/amdefine/-/amdefine-1.0.1.tgz#4a5282ac164729e93619bcfd3ad151f817ce91f5"

app-module-path@^1.1.0:
  version "1.1.0"
  resolved "https://registry.yarnpkg.com/app-module-path/-/app-module-path-1.1.0.tgz#a6ac5368450f209b9f5b86e9a3e4a6ab6fe7531c"

app-module-path@^2.2.0:
  version "2.2.0"
  resolved "https://registry.yarnpkg.com/app-module-path/-/app-module-path-2.2.0.tgz#641aa55dfb7d6a6f0a8141c4b9c0aa50b6c24dd5"

app-root-dir@^1.0.2:
  version "1.0.2"
  resolved "https://registry.yarnpkg.com/app-root-dir/-/app-root-dir-1.0.2.tgz#38187ec2dea7577fff033ffcb12172692ff6e118"

argly@^1.0.0:
  version "1.2.0"
  resolved "https://registry.yarnpkg.com/argly/-/argly-1.2.0.tgz#2b274e4551a29ff5e7199d2ed9788eb66ed36e60"

array-flatten@1.1.1:
  version "1.1.1"
  resolved "https://registry.yarnpkg.com/array-flatten/-/array-flatten-1.1.1.tgz#9a5f699051b1e7073328f2a008968b64ea2955d2"

assert@^1.1.2:
  version "1.4.1"
  resolved "https://registry.yarnpkg.com/assert/-/assert-1.4.1.tgz#99912d591836b5a6f5b345c0f07eefc08fc65d91"
  dependencies:
    util "0.10.3"

assertion-error@^1.0.1:
  version "1.0.2"
  resolved "https://registry.yarnpkg.com/assertion-error/-/assertion-error-1.0.2.tgz#13ca515d86206da0bac66e834dd397d87581094c"

async@^0.9.2:
  version "0.9.2"
  resolved "https://registry.yarnpkg.com/async/-/async-0.9.2.tgz#aea74d5e61c1f899613bf64bda66d4c78f2fd17d"

balanced-match@^1.0.0:
  version "1.0.0"
  resolved "https://registry.yarnpkg.com/balanced-match/-/balanced-match-1.0.0.tgz#89b4d199ab2bee49de164ea02b89ce462d71b767"

base64-js@^1.0.2:
  version "1.2.1"
  resolved "https://registry.yarnpkg.com/base64-js/-/base64-js-1.2.1.tgz#a91947da1f4a516ea38e5b4ec0ec3773675e0886"

bl@^0.7.0:
  version "0.7.0"
  resolved "https://registry.yarnpkg.com/bl/-/bl-0.7.0.tgz#3fb0670602ac2878eb770dc2039f1836be62ae5b"
  dependencies:
    readable-stream "~1.0.2"

body-parser@1.18.2:
  version "1.18.2"
  resolved "https://registry.yarnpkg.com/body-parser/-/body-parser-1.18.2.tgz#87678a19d84b47d859b83199bd59bce222b10454"
  dependencies:
    bytes "3.0.0"
    content-type "~1.0.4"
    debug "2.6.9"
    depd "~1.1.1"
    http-errors "~1.6.2"
    iconv-lite "0.4.19"
    on-finished "~2.3.0"
    qs "6.5.1"
    raw-body "2.3.2"
    type-is "~1.6.15"

brace-expansion@^1.1.7:
  version "1.1.8"
  resolved "https://registry.yarnpkg.com/brace-expansion/-/brace-expansion-1.1.8.tgz#c07b211c7c952ec1f8efd51a77ef0d1d3990a292"
  dependencies:
    balanced-match "^1.0.0"
    concat-map "0.0.1"

browser-refresh-client@^1.0.0, browser-refresh-client@^1.1.4:
  version "1.1.4"
  resolved "https://registry.yarnpkg.com/browser-refresh-client/-/browser-refresh-client-1.1.4.tgz#8e5ff8475fe1d541d2ae81f7a1aea05ae21a6217"

buffer@^4.5.1:
  version "4.9.1"
  resolved "https://registry.yarnpkg.com/buffer/-/buffer-4.9.1.tgz#6d1bb601b07a4efced97094132093027c95bc298"
  dependencies:
    base64-js "^1.0.2"
    ieee754 "^1.1.4"
    isarray "^1.0.0"

bytes@3.0.0:
  version "3.0.0"
  resolved "https://registry.yarnpkg.com/bytes/-/bytes-3.0.0.tgz#d32815404d689699f85a4ea4fa8755dd13a96048"

callbackify@^1.1.0:
  version "1.1.0"
  resolved "https://registry.yarnpkg.com/callbackify/-/callbackify-1.1.0.tgz#d2a36986d28aa69714526c111209beeb9979d31e"

camelcase@^1.0.2:
  version "1.2.1"
  resolved "https://registry.yarnpkg.com/camelcase/-/camelcase-1.2.1.tgz#9bb5304d2e0b56698b2c758b08a3eaa9daa58a39"

center-align@^0.1.1:
  version "0.1.3"
  resolved "https://registry.yarnpkg.com/center-align/-/center-align-0.1.3.tgz#aa0d32629b6ee972200411cbd4461c907bc2b7ad"
  dependencies:
    align-text "^0.1.3"
    lazy-cache "^1.0.3"

chai@^3.5.0:
  version "3.5.0"
  resolved "https://registry.yarnpkg.com/chai/-/chai-3.5.0.tgz#4d02637b067fe958bdbfdd3a40ec56fef7373247"
  dependencies:
    assertion-error "^1.0.1"
    deep-eql "^0.1.3"
    type-detect "^1.0.0"

char-props@^0.1.5, char-props@~0.1.5:
  version "0.1.5"
  resolved "https://registry.yarnpkg.com/char-props/-/char-props-0.1.5.tgz#5b952f9e20ea21cd08ca7fe135a10f6fe91c109e"

clean-css@^3.4.28:
  version "3.4.28"
  resolved "https://registry.yarnpkg.com/clean-css/-/clean-css-3.4.28.tgz#bf1945e82fc808f55695e6ddeaec01400efd03ff"
  dependencies:
    commander "2.8.x"
    source-map "0.4.x"

cliui@^2.1.0:
  version "2.1.0"
  resolved "https://registry.yarnpkg.com/cliui/-/cliui-2.1.0.tgz#4b475760ff80264c762c3a1719032e91c7fea0d1"
  dependencies:
    center-align "^0.1.1"
    right-align "^0.1.1"
    wordwrap "0.0.2"

clone@^0.1.19:
  version "0.1.19"
  resolved "https://registry.yarnpkg.com/clone/-/clone-0.1.19.tgz#613fb68639b26a494ac53253e15b1a6bd88ada85"

commander@2.8.x:
  version "2.8.1"
  resolved "https://registry.yarnpkg.com/commander/-/commander-2.8.1.tgz#06be367febfda0c330aa1e2a072d3dc9762425d4"
  dependencies:
    graceful-readlink ">= 1.0.0"

complain@^1.0.0, complain@^1.2.0:
  version "1.2.0"
  resolved "https://registry.yarnpkg.com/complain/-/complain-1.2.0.tgz#85964a2d95ac785d95b004a85dfac8d378293532"
  dependencies:
    error-stack-parser "^2.0.1"

compressible@~2.0.11:
  version "2.0.12"
  resolved "https://registry.yarnpkg.com/compressible/-/compressible-2.0.12.tgz#c59a5c99db76767e9876500e271ef63b3493bd66"
  dependencies:
    mime-db ">= 1.30.0 < 2"

compression@^1.7.1:
  version "1.7.1"
  resolved "https://registry.yarnpkg.com/compression/-/compression-1.7.1.tgz#eff2603efc2e22cf86f35d2eb93589f9875373db"
  dependencies:
    accepts "~1.3.4"
    bytes "3.0.0"
    compressible "~2.0.11"
    debug "2.6.9"
    on-headers "~1.0.1"
    safe-buffer "5.1.1"
    vary "~1.1.2"

concat-map@0.0.1:
  version "0.0.1"
  resolved "https://registry.yarnpkg.com/concat-map/-/concat-map-0.0.1.tgz#d8a96bd77fd68df7793a73036a3ba0d5405d477b"

content-disposition@0.5.2:
  version "0.5.2"
  resolved "https://registry.yarnpkg.com/content-disposition/-/content-disposition-0.5.2.tgz#0cf68bb9ddf5f2be7961c3a85178cb85dba78cb4"

content-type@~1.0.4:
  version "1.0.4"
  resolved "https://registry.yarnpkg.com/content-type/-/content-type-1.0.4.tgz#e138cc75e040c727b1966fe5e5f8c9aee256fe3b"

cookie-signature@1.0.6:
  version "1.0.6"
  resolved "https://registry.yarnpkg.com/cookie-signature/-/cookie-signature-1.0.6.tgz#e303a882b342cc3ee8ca513a79999734dab3ae2c"

cookie@0.3.1:
  version "0.3.1"
  resolved "https://registry.yarnpkg.com/cookie/-/cookie-0.3.1.tgz#e7e0a1f9ef43b4c8ba925c5c5a96e806d16873bb"

core-util-is@~1.0.0:
  version "1.0.2"
  resolved "https://registry.yarnpkg.com/core-util-is/-/core-util-is-1.0.2.tgz#b5fd54220aa2bc5ab57aab7140c940754503c1a7"

debug@2.6.9:
  version "2.6.9"
  resolved "https://registry.yarnpkg.com/debug/-/debug-2.6.9.tgz#5d128515df134ff327e90a4c93f4e077a536341f"
  dependencies:
    ms "2.0.0"

debug@~2.2.0:
  version "2.2.0"
  resolved "https://registry.yarnpkg.com/debug/-/debug-2.2.0.tgz#f87057e995b1a1f6ae6a4960664137bc56f039da"
  dependencies:
    ms "0.7.1"

decamelize@^1.0.0:
  version "1.2.0"
  resolved "https://registry.yarnpkg.com/decamelize/-/decamelize-1.2.0.tgz#f6534d15148269b20352e7bee26f501f9a191290"

deep-eql@^0.1.3:
  version "0.1.3"
  resolved "https://registry.yarnpkg.com/deep-eql/-/deep-eql-0.1.3.tgz#ef558acab8de25206cd713906d74e56930eb69f2"
  dependencies:
    type-detect "0.1.1"

deep-is@~0.1.3:
  version "0.1.3"
  resolved "https://registry.yarnpkg.com/deep-is/-/deep-is-0.1.3.tgz#b369d6fb5dbc13eecf524f91b070feedc357cf34"

depd@1.1.1, depd@~1.1.0, depd@~1.1.1:
  version "1.1.1"
  resolved "https://registry.yarnpkg.com/depd/-/depd-1.1.1.tgz#5783b4e1c459f06fa5ca27f991f3d06e7a310359"

deresolve@^1.1.2:
  version "1.1.2"
  resolved "https://registry.yarnpkg.com/deresolve/-/deresolve-1.1.2.tgz#9cf2379c8d2d631dc4b9957294b90e4a72cb6ce0"
  dependencies:
    lasso-package-root "^1.0.0"
    raptor-polyfill "^1.0.2"
    resolve-from "^1.0.1"

destroy@~1.0.4:
  version "1.0.4"
  resolved "https://registry.yarnpkg.com/destroy/-/destroy-1.0.4.tgz#978857442c44749e4206613e37946205826abd80"

dissolve@^0.3.3:
  version "0.3.3"
  resolved "https://registry.yarnpkg.com/dissolve/-/dissolve-0.3.3.tgz#b97ef1ff2989c789cecfb03107e17411fa8be6e5"
  dependencies:
    bl "^0.7.0"
    readable-stream "^1.0.26"

ee-first@1.1.1:
  version "1.1.1"
  resolved "https://registry.yarnpkg.com/ee-first/-/ee-first-1.1.1.tgz#590c61156b0ae2f4f0255732a158b266bc56b21d"

encodeurl@~1.0.1:
  version "1.0.1"
  resolved "https://registry.yarnpkg.com/encodeurl/-/encodeurl-1.0.1.tgz#79e3d58655346909fe6f0f45a5de68103b294d20"

error-stack-parser@^2.0.1:
  version "2.0.1"
  resolved "https://registry.yarnpkg.com/error-stack-parser/-/error-stack-parser-2.0.1.tgz#a3202b8fb03114aa9b40a0e3669e48b2b65a010a"
  dependencies:
    stackframe "^1.0.3"

escape-html@~1.0.3:
  version "1.0.3"
  resolved "https://registry.yarnpkg.com/escape-html/-/escape-html-1.0.3.tgz#0258eae4d3d0c0974de1c169188ef0051d1d1988"

escodegen@^1.6.0, escodegen@^1.8.1:
  version "1.9.0"
  resolved "https://registry.yarnpkg.com/escodegen/-/escodegen-1.9.0.tgz#9811a2f265dc1cd3894420ee3717064b632b8852"
  dependencies:
    esprima "^3.1.3"
    estraverse "^4.2.0"
    esutils "^2.0.2"
    optionator "^0.8.1"
  optionalDependencies:
    source-map "~0.5.6"

esprima@^3.1.3:
  version "3.1.3"
  resolved "https://registry.yarnpkg.com/esprima/-/esprima-3.1.3.tgz#fdca51cee6133895e3c88d535ce49dbff62a4633"

esprima@^4.0.0:
  version "4.0.0"
  resolved "https://registry.yarnpkg.com/esprima/-/esprima-4.0.0.tgz#4499eddcd1110e0b218bacf2fa7f7f59f55ca804"

estraverse@^4.2.0:
  version "4.2.0"
  resolved "https://registry.yarnpkg.com/estraverse/-/estraverse-4.2.0.tgz#0dee3fed31fcd469618ce7342099fc1afa0bdb13"

esutils@^2.0.2:
  version "2.0.2"
  resolved "https://registry.yarnpkg.com/esutils/-/esutils-2.0.2.tgz#0abf4f1caa5bcb1f7a9d8acc6dea4faaa04bac9b"

etag@~1.7.0:
  version "1.7.0"
  resolved "https://registry.yarnpkg.com/etag/-/etag-1.7.0.tgz#03d30b5f67dd6e632d2945d30d6652731a34d5d8"

etag@~1.8.1:
  version "1.8.1"
  resolved "https://registry.yarnpkg.com/etag/-/etag-1.8.1.tgz#41ae2eeb65efa62268aebfea83ac7d79299b0887"

events-light@^1.0.0:
  version "1.0.5"
  resolved "https://registry.yarnpkg.com/events-light/-/events-light-1.0.5.tgz#964e63450ba0af4a6b022aa955b17ffef657b5ee"
  dependencies:
    chai "^3.5.0"

events@^1.0.2:
  version "1.1.1"
  resolved "https://registry.yarnpkg.com/events/-/events-1.1.1.tgz#9ebdb7635ad099c70dcc4c2a1f5004288e8bd924"

express@^4.16.2:
  version "4.16.2"
  resolved "https://registry.yarnpkg.com/express/-/express-4.16.2.tgz#e35c6dfe2d64b7dca0a5cd4f21781be3299e076c"
  dependencies:
    accepts "~1.3.4"
    array-flatten "1.1.1"
    body-parser "1.18.2"
    content-disposition "0.5.2"
    content-type "~1.0.4"
    cookie "0.3.1"
    cookie-signature "1.0.6"
    debug "2.6.9"
    depd "~1.1.1"
    encodeurl "~1.0.1"
    escape-html "~1.0.3"
    etag "~1.8.1"
    finalhandler "1.1.0"
    fresh "0.5.2"
    merge-descriptors "1.0.1"
    methods "~1.1.2"
    on-finished "~2.3.0"
    parseurl "~1.3.2"
    path-to-regexp "0.1.7"
    proxy-addr "~2.0.2"
    qs "6.5.1"
    range-parser "~1.2.0"
    safe-buffer "5.1.1"
    send "0.16.1"
    serve-static "1.13.1"
    setprototypeof "1.1.0"
    statuses "~1.3.1"
    type-is "~1.6.15"
    utils-merge "1.0.1"
    vary "~1.1.2"

fast-levenshtein@~2.0.4:
  version "2.0.6"
  resolved "https://registry.yarnpkg.com/fast-levenshtein/-/fast-levenshtein-2.0.6.tgz#3d8a5c66883a16a30ca8643e851f19baa7797917"

finalhandler@1.1.0:
  version "1.1.0"
  resolved "https://registry.yarnpkg.com/finalhandler/-/finalhandler-1.1.0.tgz#ce0b6855b45853e791b2fcc680046d88253dd7f5"
  dependencies:
    debug "2.6.9"
    encodeurl "~1.0.1"
    escape-html "~1.0.3"
    on-finished "~2.3.0"
    parseurl "~1.3.2"
    statuses "~1.3.1"
    unpipe "~1.0.0"

forwarded@~0.1.2:
  version "0.1.2"
  resolved "https://registry.yarnpkg.com/forwarded/-/forwarded-0.1.2.tgz#98c23dab1175657b8c0573e8ceccd91b0ff18c84"

fresh@0.3.0:
  version "0.3.0"
  resolved "https://registry.yarnpkg.com/fresh/-/fresh-0.3.0.tgz#651f838e22424e7566de161d8358caa199f83d4f"

fresh@0.5.2:
  version "0.5.2"
  resolved "https://registry.yarnpkg.com/fresh/-/fresh-0.5.2.tgz#3d8cadd90d976569fa835ab1f8e4b23a105605a7"

fs.realpath@^1.0.0:
  version "1.0.0"
  resolved "https://registry.yarnpkg.com/fs.realpath/-/fs.realpath-1.0.0.tgz#1504ad2523158caa40db4a2787cb01411994ea4f"

glob@^7.1.1:
  version "7.1.2"
  resolved "https://registry.yarnpkg.com/glob/-/glob-7.1.2.tgz#c19c9df9a028702d678612384a6552404c636d15"
  dependencies:
    fs.realpath "^1.0.0"
    inflight "^1.0.4"
    inherits "2"
    minimatch "^3.0.4"
    once "^1.3.0"
    path-is-absolute "^1.0.0"

"graceful-readlink@>= 1.0.0":
  version "1.0.1"
  resolved "https://registry.yarnpkg.com/graceful-readlink/-/graceful-readlink-1.0.1.tgz#4cafad76bc62f02fa039b2f94e9a3dd3a391a725"

he@^1.1.0:
  version "1.1.1"
  resolved "https://registry.yarnpkg.com/he/-/he-1.1.1.tgz#93410fd21b009735151f8868c2f271f3427e23fd"

htmljs-parser@^2.3.2:
  version "2.3.2"
  resolved "https://registry.yarnpkg.com/htmljs-parser/-/htmljs-parser-2.3.2.tgz#1cc5bf9824a091c28820b33eaf78083a8eaa856c"
  dependencies:
    char-props "^0.1.5"
    complain "^1.0.0"

http-errors@1.6.2, http-errors@~1.6.2:
  version "1.6.2"
  resolved "https://registry.yarnpkg.com/http-errors/-/http-errors-1.6.2.tgz#0a002cc85707192a7e7946ceedc11155f60ec736"
  dependencies:
    depd "1.1.1"
    inherits "2.0.3"
    setprototypeof "1.0.3"
    statuses ">= 1.3.1 < 2"

http-errors@~1.3.1:
  version "1.3.1"
  resolved "https://registry.yarnpkg.com/http-errors/-/http-errors-1.3.1.tgz#197e22cdebd4198585e8694ef6786197b91ed942"
  dependencies:
    inherits "~2.0.1"
    statuses "1"

iconv-lite@0.4.19:
  version "0.4.19"
  resolved "https://registry.yarnpkg.com/iconv-lite/-/iconv-lite-0.4.19.tgz#f7468f60135f5e5dad3399c0a81be9a1603a082b"

ieee754@^1.1.4:
  version "1.1.8"
  resolved "https://registry.yarnpkg.com/ieee754/-/ieee754-1.1.8.tgz#be33d40ac10ef1926701f6f08a2d86fbfd1ad3e4"

image-size@^0.6.1:
  version "0.6.2"
  resolved "https://registry.yarnpkg.com/image-size/-/image-size-0.6.2.tgz#8ee316d4298b028b965091b673d5f1537adee5b4"

inflight@^1.0.4:
  version "1.0.6"
  resolved "https://registry.yarnpkg.com/inflight/-/inflight-1.0.6.tgz#49bd6331d7d02d0c09bc910a1075ba8165b56df9"
  dependencies:
    once "^1.3.0"
    wrappy "1"

inherits@2, inherits@2.0.3, inherits@~2.0.1:
  version "2.0.3"
  resolved "https://registry.yarnpkg.com/inherits/-/inherits-2.0.3.tgz#633c2c83e3da42a502f52466022480f4208261de"

inherits@2.0.1:
  version "2.0.1"
  resolved "https://registry.yarnpkg.com/inherits/-/inherits-2.0.1.tgz#b17d08d326b4423e568eff719f91b0b1cbdf69f1"

ipaddr.js@1.5.2:
  version "1.5.2"
  resolved "https://registry.yarnpkg.com/ipaddr.js/-/ipaddr.js-1.5.2.tgz#d4b505bde9946987ccf0fc58d9010ff9607e3fa0"

is-absolute@^0.2.3:
  version "0.2.6"
  resolved "https://registry.yarnpkg.com/is-absolute/-/is-absolute-0.2.6.tgz#20de69f3db942ef2d87b9c2da36f172235b1b5eb"
  dependencies:
    is-relative "^0.2.1"
    is-windows "^0.2.0"

is-buffer@^1.1.5:
  version "1.1.6"
  resolved "https://registry.yarnpkg.com/is-buffer/-/is-buffer-1.1.6.tgz#efaa2ea9daa0d7ab2ea13a97b2b8ad51fefbe8be"

is-relative@^0.2.1:
  version "0.2.1"
  resolved "https://registry.yarnpkg.com/is-relative/-/is-relative-0.2.1.tgz#d27f4c7d516d175fb610db84bbeef23c3bc97aa5"
  dependencies:
    is-unc-path "^0.1.1"

is-unc-path@^0.1.1:
  version "0.1.2"
  resolved "https://registry.yarnpkg.com/is-unc-path/-/is-unc-path-0.1.2.tgz#6ab053a72573c10250ff416a3814c35178af39b9"
  dependencies:
    unc-path-regex "^0.1.0"

is-windows@^0.2.0:
  version "0.2.0"
  resolved "https://registry.yarnpkg.com/is-windows/-/is-windows-0.2.0.tgz#de1aa6d63ea29dd248737b69f1ff8b8002d2108c"

isarray@0.0.1:
  version "0.0.1"
  resolved "https://registry.yarnpkg.com/isarray/-/isarray-0.0.1.tgz#8a18acfca9a8f4177e09abfc6038939b05d1eedf"

isarray@^1.0.0:
  version "1.0.0"
  resolved "https://registry.yarnpkg.com/isarray/-/isarray-1.0.0.tgz#bb935d48582cba168c06834957a54a3e07124f11"

js-tokens@^3.0.0:
  version "3.0.2"
  resolved "https://registry.yarnpkg.com/js-tokens/-/js-tokens-3.0.2.tgz#9866df395102130e38f7f996bceb65443209c25b"

kind-of@^3.0.2:
  version "3.2.2"
  resolved "https://registry.yarnpkg.com/kind-of/-/kind-of-3.2.2.tgz#31ea21a734bab9bbb0f32466d893aea51e4a3c64"
  dependencies:
    is-buffer "^1.1.5"

lasso-caching-fs@^1.0.0, lasso-caching-fs@^1.0.1, lasso-caching-fs@^1.0.2:
  version "1.0.2"
  resolved "https://registry.yarnpkg.com/lasso-caching-fs/-/lasso-caching-fs-1.0.2.tgz#9be4eb1f06aac1260344caeaef42c2f0086eb10d"
  dependencies:
    raptor-async "^1.1.2"

lasso-loader@^3.0.2:
  version "3.0.2"
  resolved "https://registry.yarnpkg.com/lasso-loader/-/lasso-loader-3.0.2.tgz#dbdb55d5f72eeb3a5bae74a7e31b6bb5ff2dd093"
  dependencies:
    events "^1.0.2"
    raptor-util "^1.0.0"

lasso-marko@^2.4.0:
  version "2.4.0"
  resolved "https://registry.yarnpkg.com/lasso-marko/-/lasso-marko-2.4.0.tgz#9f31a8ea7fc653521d0bc2163857dc681184822d"
  dependencies:
    callbackify "^1.1.0"

lasso-modules-client@^2.0.4, lasso-modules-client@^2.0.5:
  version "2.0.5"
  resolved "https://registry.yarnpkg.com/lasso-modules-client/-/lasso-modules-client-2.0.5.tgz#d9a06724a900977636971667ee9c170d2fc4dd28"
  dependencies:
    lasso-package-root "^1.0.0"
    raptor-polyfill "^1.0.2"

lasso-package-root@^1.0.0, lasso-package-root@^1.0.1:
  version "1.0.1"
  resolved "https://registry.yarnpkg.com/lasso-package-root/-/lasso-package-root-1.0.1.tgz#997d0e71f41d03c5f0fa09a5bc298d796f8b2c23"
  dependencies:
    lasso-caching-fs "^1.0.0"

lasso-resolve-from@^1.2.0:
  version "1.2.0"
  resolved "https://registry.yarnpkg.com/lasso-resolve-from/-/lasso-resolve-from-1.2.0.tgz#bfb234467afb69b5309f568ba459cc8320621c6e"
  dependencies:
    is-absolute "^0.2.3"
    lasso-caching-fs "^1.0.1"
    raptor-util "^1.0.10"
    resolve-from "^2.0.0"

lasso@^3.1.0:
  version "3.1.2"
  resolved "https://registry.yarnpkg.com/lasso/-/lasso-3.1.2.tgz#b418a4d0f31ad6096b8f3c654c744b0c70bac13f"
  dependencies:
    app-module-path "^1.1.0"
    app-root-dir "^1.0.2"
    assert "^1.1.2"
    async "^0.9.2"
    browser-refresh-client "^1.1.4"
    buffer "^4.5.1"
    clean-css "^3.4.28"
    clone "^0.1.19"
    complain "^1.2.0"
    escodegen "^1.6.0"
    esprima "^4.0.0"
    estraverse "^4.2.0"
    events "^1.0.2"
    glob "^7.1.1"
    image-size "^0.6.1"
    lasso-caching-fs "^1.0.2"
    lasso-loader "^3.0.2"
    lasso-modules-client "^2.0.5"
    lasso-package-root "^1.0.1"
    lasso-resolve-from "^1.2.0"
    marko "^4.2.8"
    mime "^1.2.11"
    mkdirp "^0.5.1"
    path-browserify "0.0.0"
    pify "^3.0.0"
    process "^0.6.0"
    property-handlers "^1.1.1"
    raptor-async "^1.1.3"
    raptor-cache "^2.0.0"
    raptor-css-parser "^1.1.5"
    raptor-detect "^1.0.1"
    raptor-logging "^1.1.2"
    raptor-objects "^1.0.2"
    raptor-polyfill "^1.0.2"
    raptor-promises "^1.0.3"
    raptor-regexp "^1.0.1"
    raptor-strings "^1.0.2"
    raptor-util "^3.2.0"
    resolve-from "^1.0.1"
    send "^0.13.2"
    stream-browserify "^1.0.0"
    string_decoder "^0.10.31"
    strip-json-comments "^2.0.1"
    through "^2.3.8"
    uglify-js "^2.8.29"
    url "^0.11.0"
    util "^0.10.3"

lazy-cache@^1.0.3:
  version "1.0.4"
  resolved "https://registry.yarnpkg.com/lazy-cache/-/lazy-cache-1.0.4.tgz#a1d78fc3a50474cb80845d3b3b6e1da49a446e8e"

levn@~0.3.0:
  version "0.3.0"
  resolved "https://registry.yarnpkg.com/levn/-/levn-0.3.0.tgz#3b09924edf9f083c0490fdd4c0bc4421e04764ee"
  dependencies:
    prelude-ls "~1.1.2"
    type-check "~0.3.2"

listener-tracker@^2.0.0:
  version "2.0.0"
  resolved "https://registry.yarnpkg.com/listener-tracker/-/listener-tracker-2.0.0.tgz#39608b435c0901fa5510217c1452728d6bc19b5f"

lodash-es@^4.2.1:
  version "4.17.4"
  resolved "https://registry.yarnpkg.com/lodash-es/-/lodash-es-4.17.4.tgz#dcc1d7552e150a0640073ba9cb31d70f032950e7"

lodash@^4.2.1:
  version "4.17.4"
  resolved "https://registry.yarnpkg.com/lodash/-/lodash-4.17.4.tgz#78203a4d1c328ae1d86dca6460e369b57f4055ae"

longest@^1.0.1:
  version "1.0.1"
  resolved "https://registry.yarnpkg.com/longest/-/longest-1.0.1.tgz#30a0b2da38f73770e8294a0d22e6625ed77d0097"

loose-envify@^1.1.0:
  version "1.3.1"
  resolved "https://registry.yarnpkg.com/loose-envify/-/loose-envify-1.3.1.tgz#d1a8ad33fa9ce0e713d65fdd0ac8b748d478c848"
  dependencies:
    js-tokens "^3.0.0"

marko-redux@^1.0.0:
  version "1.0.0"
  resolved "https://registry.yarnpkg.com/marko-redux/-/marko-redux-1.0.0.tgz#09e5d81a2e18d63a4579a791238ba1e90d635d6b"
  dependencies:
    marko "^4.7.4"

marko@^4.2.8, marko@^4.7.4:
  version "4.7.4"
  resolved "https://registry.yarnpkg.com/marko/-/marko-4.7.4.tgz#7f6ed200cb0934dc6bd8b345093d91846dd13133"
  dependencies:
    app-module-path "^2.2.0"
    argly "^1.0.0"
    browser-refresh-client "^1.0.0"
    char-props "~0.1.5"
    complain "^1.2.0"
    deresolve "^1.1.2"
    escodegen "^1.8.1"
    esprima "^4.0.0"
    estraverse "^4.2.0"
    events "^1.0.2"
    events-light "^1.0.0"
    he "^1.1.0"
    htmljs-parser "^2.3.2"
    lasso-caching-fs "^1.0.1"
    lasso-modules-client "^2.0.4"
    lasso-package-root "^1.0.1"
    listener-tracker "^2.0.0"
    minimatch "^3.0.2"
    object-assign "^4.1.0"
    property-handlers "^1.0.0"
    raptor-json "^1.0.1"
    raptor-polyfill "^1.0.0"
    raptor-promises "^1.0.1"
    raptor-regexp "^1.0.0"
    raptor-util "^3.2.0"
    resolve-from "^2.0.0"
    shorthash "0.0.2"
    simple-sha1 "^2.1.0"
    strip-json-comments "^2.0.1"
    try-require "^1.2.1"
    warp10 "^1.0.0"

media-typer@0.3.0:
  version "0.3.0"
  resolved "https://registry.yarnpkg.com/media-typer/-/media-typer-0.3.0.tgz#8710d7af0aa626f8fffa1ce00168545263255748"

merge-descriptors@1.0.1:
  version "1.0.1"
  resolved "https://registry.yarnpkg.com/merge-descriptors/-/merge-descriptors-1.0.1.tgz#b00aaa556dd8b44568150ec9d1b953f3f90cbb61"

methods@~1.1.2:
  version "1.1.2"
  resolved "https://registry.yarnpkg.com/methods/-/methods-1.1.2.tgz#5529a4d67654134edcc5266656835b0f851afcee"

"mime-db@>= 1.30.0 < 2":
  version "1.32.0"
  resolved "https://registry.yarnpkg.com/mime-db/-/mime-db-1.32.0.tgz#485b3848b01a3cda5f968b4882c0771e58e09414"

mime-db@~1.30.0:
  version "1.30.0"
  resolved "https://registry.yarnpkg.com/mime-db/-/mime-db-1.30.0.tgz#74c643da2dd9d6a45399963465b26d5ca7d71f01"

mime-types@~2.1.15, mime-types@~2.1.16:
  version "2.1.17"
  resolved "https://registry.yarnpkg.com/mime-types/-/mime-types-2.1.17.tgz#09d7a393f03e995a79f8af857b70a9e0ab16557a"
  dependencies:
    mime-db "~1.30.0"

mime@1.3.4:
  version "1.3.4"
  resolved "https://registry.yarnpkg.com/mime/-/mime-1.3.4.tgz#115f9e3b6b3daf2959983cb38f149a2d40eb5d53"

mime@1.4.1:
  version "1.4.1"
  resolved "https://registry.yarnpkg.com/mime/-/mime-1.4.1.tgz#121f9ebc49e3766f311a76e1fa1c8003c4b03aa6"

mime@^1.2.11:
  version "1.6.0"
  resolved "https://registry.yarnpkg.com/mime/-/mime-1.6.0.tgz#32cd9e5c64553bd58d19a568af452acff04981b1"

minimatch@^3.0.2, minimatch@^3.0.4:
  version "3.0.4"
  resolved "https://registry.yarnpkg.com/minimatch/-/minimatch-3.0.4.tgz#5166e286457f03306064be5497e8dbb0c3d32083"
  dependencies:
    brace-expansion "^1.1.7"

minimist@0.0.8:
  version "0.0.8"
  resolved "https://registry.yarnpkg.com/minimist/-/minimist-0.0.8.tgz#857fcabfc3397d2625b8228262e86aa7a011b05d"

mkdirp@^0.5.0, mkdirp@^0.5.1:
  version "0.5.1"
  resolved "https://registry.yarnpkg.com/mkdirp/-/mkdirp-0.5.1.tgz#30057438eac6cf7f8c4767f38648d6697d75c903"
  dependencies:
    minimist "0.0.8"

ms@0.7.1:
  version "0.7.1"
  resolved "https://registry.yarnpkg.com/ms/-/ms-0.7.1.tgz#9cd13c03adbff25b65effde7ce864ee952017098"

ms@2.0.0:
  version "2.0.0"
  resolved "https://registry.yarnpkg.com/ms/-/ms-2.0.0.tgz#5608aeadfc00be6c2901df5f9861788de0d597c8"

negotiator@0.6.1:
  version "0.6.1"
  resolved "https://registry.yarnpkg.com/negotiator/-/negotiator-0.6.1.tgz#2b327184e8992101177b28563fb5e7102acd0ca9"

object-assign@^4.1.0:
  version "4.1.1"
  resolved "https://registry.yarnpkg.com/object-assign/-/object-assign-4.1.1.tgz#2109adc7965887cfc05cbbd442cac8bfbb360863"

on-finished@~2.3.0:
  version "2.3.0"
  resolved "https://registry.yarnpkg.com/on-finished/-/on-finished-2.3.0.tgz#20f1336481b083cd75337992a16971aa2d906947"
  dependencies:
    ee-first "1.1.1"

on-headers@~1.0.1:
  version "1.0.1"
  resolved "https://registry.yarnpkg.com/on-headers/-/on-headers-1.0.1.tgz#928f5d0f470d49342651ea6794b0857c100693f7"

once@^1.3.0:
  version "1.4.0"
  resolved "https://registry.yarnpkg.com/once/-/once-1.4.0.tgz#583b1aa775961d4b113ac17d9c50baef9dd76bd1"
  dependencies:
    wrappy "1"

optionator@^0.8.1:
  version "0.8.2"
  resolved "https://registry.yarnpkg.com/optionator/-/optionator-0.8.2.tgz#364c5e409d3f4d6301d6c0b4c05bba50180aeb64"
  dependencies:
    deep-is "~0.1.3"
    fast-levenshtein "~2.0.4"
    levn "~0.3.0"
    prelude-ls "~1.1.2"
    type-check "~0.3.2"
    wordwrap "~1.0.0"

parseurl@~1.3.2:
  version "1.3.2"
  resolved "https://registry.yarnpkg.com/parseurl/-/parseurl-1.3.2.tgz#fc289d4ed8993119460c156253262cdc8de65bf3"

path-browserify@0.0.0:
  version "0.0.0"
  resolved "https://registry.yarnpkg.com/path-browserify/-/path-browserify-0.0.0.tgz#a0b870729aae214005b7d5032ec2cbbb0fb4451a"

path-is-absolute@^1.0.0:
  version "1.0.1"
  resolved "https://registry.yarnpkg.com/path-is-absolute/-/path-is-absolute-1.0.1.tgz#174b9268735534ffbc7ace6bf53a5a9e1b5c5f5f"

path-to-regexp@0.1.7:
  version "0.1.7"
  resolved "https://registry.yarnpkg.com/path-to-regexp/-/path-to-regexp-0.1.7.tgz#df604178005f522f15eb4490e7247a1bfaa67f8c"

pify@^3.0.0:
  version "3.0.0"
  resolved "https://registry.yarnpkg.com/pify/-/pify-3.0.0.tgz#e5a4acd2c101fdf3d9a4d07f0dbc4db49dd28176"

prelude-ls@~1.1.2:
  version "1.1.2"
  resolved "https://registry.yarnpkg.com/prelude-ls/-/prelude-ls-1.1.2.tgz#21932a549f5e52ffd9a827f570e04be62a97da54"

process@^0.6.0:
  version "0.6.0"
  resolved "https://registry.yarnpkg.com/process/-/process-0.6.0.tgz#7dd9be80ffaaedd4cb628f1827f1cbab6dc0918f"

property-handlers@^1.0.0, property-handlers@^1.1.1:
  version "1.1.1"
  resolved "https://registry.yarnpkg.com/property-handlers/-/property-handlers-1.1.1.tgz#cb20d322aab7d94fffac28f46c9186bd5947b4b4"

proxy-addr@~2.0.2:
  version "2.0.2"
  resolved "https://registry.yarnpkg.com/proxy-addr/-/proxy-addr-2.0.2.tgz#6571504f47bb988ec8180253f85dd7e14952bdec"
  dependencies:
    forwarded "~0.1.2"
    ipaddr.js "1.5.2"

punycode@1.3.2:
  version "1.3.2"
  resolved "https://registry.yarnpkg.com/punycode/-/punycode-1.3.2.tgz#9653a036fb7c1ee42342f2325cceefea3926c48d"

q@^1.0.1:
  version "1.5.1"
  resolved "https://registry.yarnpkg.com/q/-/q-1.5.1.tgz#7e32f75b41381291d04611f1bf14109ac00651d7"

qs@6.5.1:
  version "6.5.1"
  resolved "https://registry.yarnpkg.com/qs/-/qs-6.5.1.tgz#349cdf6eef89ec45c12d7d5eb3fc0c870343a6d8"

querystring@0.2.0:
  version "0.2.0"
  resolved "https://registry.yarnpkg.com/querystring/-/querystring-0.2.0.tgz#b209849203bb25df820da756e747005878521620"

range-parser@~1.0.3:
  version "1.0.3"
  resolved "https://registry.yarnpkg.com/range-parser/-/range-parser-1.0.3.tgz#6872823535c692e2c2a0103826afd82c2e0ff175"

range-parser@~1.2.0:
  version "1.2.0"
  resolved "https://registry.yarnpkg.com/range-parser/-/range-parser-1.2.0.tgz#f49be6b487894ddc40dcc94a322f611092e00d5e"

raptor-async@^1.0.0, raptor-async@^1.1.2, raptor-async@^1.1.3:
  version "1.1.3"
  resolved "https://registry.yarnpkg.com/raptor-async/-/raptor-async-1.1.3.tgz#b83c3c9b603dc985c2c3a9f78d2b4073e6f6024c"

raptor-cache@^2.0.0:
  version "2.0.3"
  resolved "https://registry.yarnpkg.com/raptor-cache/-/raptor-cache-2.0.3.tgz#c99edfeca2c5956b425c582107b513a1adaabe18"
  dependencies:
    dissolve "^0.3.3"
    mkdirp "^0.5.0"
    property-handlers "^1.0.0"
    raptor-async "^1.0.0"
    raptor-logging "^1.0.1"
    raptor-util "^1.0.0"
    through "^2.3.4"
    uuid "^3.0.0"

raptor-css-parser@^1.1.5:
  version "1.1.5"
  resolved "https://registry.yarnpkg.com/raptor-css-parser/-/raptor-css-parser-1.1.5.tgz#1de018d96121c8dc1f1c34686549aff71649d037"
  dependencies:
    raptor-async "^1.0.0"
    raptor-promises "^1.0.1"

raptor-detect@^1.0.1:
  version "1.0.1"
  resolved "https://registry.yarnpkg.com/raptor-detect/-/raptor-detect-1.0.1.tgz#0a54c639056ef66dfd52be3945fa22cc6d1466f3"

raptor-json@^1.0.1:
  version "1.1.0"
  resolved "https://registry.yarnpkg.com/raptor-json/-/raptor-json-1.1.0.tgz#70bd09b14e64f7d32ec50cce8377d6029c0f0876"
  dependencies:
    raptor-strings "^1.0.0"

raptor-logging@^1.0.1, raptor-logging@^1.1.2, raptor-logging@^1.1.3:
  version "1.1.3"
  resolved "https://registry.yarnpkg.com/raptor-logging/-/raptor-logging-1.1.3.tgz#6bd8843632882e56387aa53bcafcbebaca695ca1"
  dependencies:
    raptor-polyfill "^1.0.0"
    raptor-stacktraces "^1.0.0"

raptor-objects@^1.0.2:
  version "1.0.2"
  resolved "https://registry.yarnpkg.com/raptor-objects/-/raptor-objects-1.0.2.tgz#990dce360413b079e2e4af114f2e7344a71cee11"
  dependencies:
    raptor-util "^1.0.0"

raptor-polyfill@^1.0.0, raptor-polyfill@^1.0.1, raptor-polyfill@^1.0.2:
  version "1.0.2"
  resolved "https://registry.yarnpkg.com/raptor-polyfill/-/raptor-polyfill-1.0.2.tgz#6575bce762540d844056d71cef11662488f513ed"

raptor-promises@^1.0.1, raptor-promises@^1.0.3:
  version "1.0.3"
  resolved "https://registry.yarnpkg.com/raptor-promises/-/raptor-promises-1.0.3.tgz#d576b110e0423654f7fdf1721e28d42e4dc3c0eb"
  dependencies:
    q "^1.0.1"
    raptor-util "^1.0.0"

raptor-regexp@^1.0.0, raptor-regexp@^1.0.1:
  version "1.0.1"
  resolved "https://registry.yarnpkg.com/raptor-regexp/-/raptor-regexp-1.0.1.tgz#ecf0f66c6671c0cd9f5e48c3705026c5509995c0"

raptor-stacktraces@^1.0.0:
  version "1.0.1"
  resolved "https://registry.yarnpkg.com/raptor-stacktraces/-/raptor-stacktraces-1.0.1.tgz#7f9fb271a7ddcdae291c6a6b15ddeffbcc008a76"

raptor-strings@^1.0.0, raptor-strings@^1.0.2:
  version "1.0.2"
  resolved "https://registry.yarnpkg.com/raptor-strings/-/raptor-strings-1.0.2.tgz#92ce2cb0153afe90470d8039a0255b4cf33ab5fc"
  dependencies:
    raptor-polyfill "^1.0.1"

raptor-util@^1.0.0, raptor-util@^1.0.10, raptor-util@^1.1.2:
  version "1.1.2"
  resolved "https://registry.yarnpkg.com/raptor-util/-/raptor-util-1.1.2.tgz#f2ee8076a9ae3eae2e65672e46a220074fa2dff3"

raptor-util@^3.2.0:
  version "3.2.0"
  resolved "https://registry.yarnpkg.com/raptor-util/-/raptor-util-3.2.0.tgz#23b0c803c8f1ac8a1cae67d9a6388b49161c9758"

raw-body@2.3.2:
  version "2.3.2"
  resolved "https://registry.yarnpkg.com/raw-body/-/raw-body-2.3.2.tgz#bcd60c77d3eb93cde0050295c3f379389bc88f89"
  dependencies:
    bytes "3.0.0"
    http-errors "1.6.2"
    iconv-lite "0.4.19"
    unpipe "1.0.0"

readable-stream@^1.0.26, readable-stream@^1.0.27-1:
  version "1.1.14"
  resolved "https://registry.yarnpkg.com/readable-stream/-/readable-stream-1.1.14.tgz#7cf4c54ef648e3813084c636dd2079e166c081d9"
  dependencies:
    core-util-is "~1.0.0"
    inherits "~2.0.1"
    isarray "0.0.1"
    string_decoder "~0.10.x"

readable-stream@~1.0.2:
  version "1.0.34"
  resolved "https://registry.yarnpkg.com/readable-stream/-/readable-stream-1.0.34.tgz#125820e34bc842d2f2aaafafe4c2916ee32c157c"
  dependencies:
    core-util-is "~1.0.0"
    inherits "~2.0.1"
    isarray "0.0.1"
    string_decoder "~0.10.x"

redux@^3.7.2:
  version "3.7.2"
  resolved "https://registry.yarnpkg.com/redux/-/redux-3.7.2.tgz#06b73123215901d25d065be342eb026bc1c8537b"
  dependencies:
    lodash "^4.2.1"
    lodash-es "^4.2.1"
    loose-envify "^1.1.0"
    symbol-observable "^1.0.3"

repeat-string@^1.5.2:
  version "1.6.1"
  resolved "https://registry.yarnpkg.com/repeat-string/-/repeat-string-1.6.1.tgz#8dcae470e1c88abc2d600fff4a776286da75e637"

resolve-from@^1.0.1:
  version "1.0.1"
  resolved "https://registry.yarnpkg.com/resolve-from/-/resolve-from-1.0.1.tgz#26cbfe935d1aeeeabb29bc3fe5aeb01e93d44226"

resolve-from@^2.0.0:
  version "2.0.0"
  resolved "https://registry.yarnpkg.com/resolve-from/-/resolve-from-2.0.0.tgz#9480ab20e94ffa1d9e80a804c7ea147611966b57"

right-align@^0.1.1:
  version "0.1.3"
  resolved "https://registry.yarnpkg.com/right-align/-/right-align-0.1.3.tgz#61339b722fe6a3515689210d24e14c96148613ef"
  dependencies:
    align-text "^0.1.1"

rusha@^0.8.1:
  version "0.8.11"
  resolved "https://registry.yarnpkg.com/rusha/-/rusha-0.8.11.tgz#caa8963b1dbfd229d90626dd3f2a784430d6058d"

safe-buffer@5.1.1:
  version "5.1.1"
  resolved "https://registry.yarnpkg.com/safe-buffer/-/safe-buffer-5.1.1.tgz#893312af69b2123def71f57889001671eeb2c853"

send@0.16.1:
  version "0.16.1"
  resolved "https://registry.yarnpkg.com/send/-/send-0.16.1.tgz#a70e1ca21d1382c11d0d9f6231deb281080d7ab3"
  dependencies:
    debug "2.6.9"
    depd "~1.1.1"
    destroy "~1.0.4"
    encodeurl "~1.0.1"
    escape-html "~1.0.3"
    etag "~1.8.1"
    fresh "0.5.2"
    http-errors "~1.6.2"
    mime "1.4.1"
    ms "2.0.0"
    on-finished "~2.3.0"
    range-parser "~1.2.0"
    statuses "~1.3.1"

send@^0.13.2:
  version "0.13.2"
  resolved "https://registry.yarnpkg.com/send/-/send-0.13.2.tgz#765e7607c8055452bba6f0b052595350986036de"
  dependencies:
    debug "~2.2.0"
    depd "~1.1.0"
    destroy "~1.0.4"
    escape-html "~1.0.3"
    etag "~1.7.0"
    fresh "0.3.0"
    http-errors "~1.3.1"
    mime "1.3.4"
    ms "0.7.1"
    on-finished "~2.3.0"
    range-parser "~1.0.3"
    statuses "~1.2.1"

serve-static@1.13.1, serve-static@^1.13.1:
  version "1.13.1"
  resolved "https://registry.yarnpkg.com/serve-static/-/serve-static-1.13.1.tgz#4c57d53404a761d8f2e7c1e8a18a47dbf278a719"
  dependencies:
    encodeurl "~1.0.1"
    escape-html "~1.0.3"
    parseurl "~1.3.2"
    send "0.16.1"

setprototypeof@1.0.3:
  version "1.0.3"
  resolved "https://registry.yarnpkg.com/setprototypeof/-/setprototypeof-1.0.3.tgz#66567e37043eeb4f04d91bd658c0cbefb55b8e04"

setprototypeof@1.1.0:
  version "1.1.0"
  resolved "https://registry.yarnpkg.com/setprototypeof/-/setprototypeof-1.1.0.tgz#d0bd85536887b6fe7c0d818cb962d9d91c54e656"

shorthash@0.0.2:
  version "0.0.2"
  resolved "https://registry.yarnpkg.com/shorthash/-/shorthash-0.0.2.tgz#59b268eecbde59038b30da202bcfbddeb2c4a4eb"

simple-sha1@^2.1.0:
  version "2.1.0"
  resolved "https://registry.yarnpkg.com/simple-sha1/-/simple-sha1-2.1.0.tgz#9427bb96ff1263cc10a8414cedd51a18b919e8b3"
  dependencies:
    rusha "^0.8.1"

source-map@0.4.x:
  version "0.4.4"
  resolved "https://registry.yarnpkg.com/source-map/-/source-map-0.4.4.tgz#eba4f5da9c0dc999de68032d8b4f76173652036b"
  dependencies:
    amdefine ">=0.0.4"

source-map@~0.5.1, source-map@~0.5.6:
  version "0.5.7"
  resolved "https://registry.yarnpkg.com/source-map/-/source-map-0.5.7.tgz#8a039d2d1021d22d1ea14c80d8ea468ba2ef3fcc"

stackframe@^1.0.3:
  version "1.0.4"
  resolved "https://registry.yarnpkg.com/stackframe/-/stackframe-1.0.4.tgz#357b24a992f9427cba6b545d96a14ed2cbca187b"

statuses@1, "statuses@>= 1.3.1 < 2":
  version "1.4.0"
  resolved "https://registry.yarnpkg.com/statuses/-/statuses-1.4.0.tgz#bb73d446da2796106efcc1b601a253d6c46bd087"

statuses@~1.2.1:
  version "1.2.1"
  resolved "https://registry.yarnpkg.com/statuses/-/statuses-1.2.1.tgz#dded45cc18256d51ed40aec142489d5c61026d28"

statuses@~1.3.1:
  version "1.3.1"
  resolved "https://registry.yarnpkg.com/statuses/-/statuses-1.3.1.tgz#faf51b9eb74aaef3b3acf4ad5f61abf24cb7b93e"

stream-browserify@^1.0.0:
  version "1.0.0"
  resolved "https://registry.yarnpkg.com/stream-browserify/-/stream-browserify-1.0.0.tgz#bf9b4abfb42b274d751479e44e0ff2656b6f1193"
  dependencies:
    inherits "~2.0.1"
    readable-stream "^1.0.27-1"

string_decoder@^0.10.31, string_decoder@~0.10.x:
  version "0.10.31"
  resolved "https://registry.yarnpkg.com/string_decoder/-/string_decoder-0.10.31.tgz#62e203bc41766c6c28c9fc84301dab1c5310fa94"

strip-json-comments@^2.0.1:
  version "2.0.1"
  resolved "https://registry.yarnpkg.com/strip-json-comments/-/strip-json-comments-2.0.1.tgz#3c531942e908c2697c0ec344858c286c7ca0a60a"

symbol-observable@^1.0.3:
  version "1.1.0"
  resolved "https://registry.yarnpkg.com/symbol-observable/-/symbol-observable-1.1.0.tgz#5c68fd8d54115d9dfb72a84720549222e8db9b32"

through@^2.3.4, through@^2.3.8:
  version "2.3.8"
  resolved "https://registry.yarnpkg.com/through/-/through-2.3.8.tgz#0dd4c9ffaabc357960b1b724115d7e0e86a2e1f5"

try-require@^1.2.1:
  version "1.2.1"
  resolved "https://registry.yarnpkg.com/try-require/-/try-require-1.2.1.tgz#34489a2cac0c09c1cc10ed91ba011594d4333be2"

type-check@~0.3.2:
  version "0.3.2"
  resolved "https://registry.yarnpkg.com/type-check/-/type-check-0.3.2.tgz#5884cab512cf1d355e3fb784f30804b2b520db72"
  dependencies:
    prelude-ls "~1.1.2"

type-detect@0.1.1:
  version "0.1.1"
  resolved "https://registry.yarnpkg.com/type-detect/-/type-detect-0.1.1.tgz#0ba5ec2a885640e470ea4e8505971900dac58822"

type-detect@^1.0.0:
  version "1.0.0"
  resolved "https://registry.yarnpkg.com/type-detect/-/type-detect-1.0.0.tgz#762217cc06db258ec48908a1298e8b95121e8ea2"

type-is@~1.6.15:
  version "1.6.15"
  resolved "https://registry.yarnpkg.com/type-is/-/type-is-1.6.15.tgz#cab10fb4909e441c82842eafe1ad646c81804410"
  dependencies:
    media-typer "0.3.0"
    mime-types "~2.1.15"

uglify-js@^2.8.29:
  version "2.8.29"
  resolved "https://registry.yarnpkg.com/uglify-js/-/uglify-js-2.8.29.tgz#29c5733148057bb4e1f75df35b7a9cb72e6a59dd"
  dependencies:
    source-map "~0.5.1"
    yargs "~3.10.0"
  optionalDependencies:
    uglify-to-browserify "~1.0.0"

uglify-to-browserify@~1.0.0:
  version "1.0.2"
  resolved "https://registry.yarnpkg.com/uglify-to-browserify/-/uglify-to-browserify-1.0.2.tgz#6e0924d6bda6b5afe349e39a6d632850a0f882b7"

unc-path-regex@^0.1.0:
  version "0.1.2"
  resolved "https://registry.yarnpkg.com/unc-path-regex/-/unc-path-regex-0.1.2.tgz#e73dd3d7b0d7c5ed86fbac6b0ae7d8c6a69d50fa"

unpipe@1.0.0, unpipe@~1.0.0:
  version "1.0.0"
  resolved "https://registry.yarnpkg.com/unpipe/-/unpipe-1.0.0.tgz#b2bf4ee8514aae6165b4817829d21b2ef49904ec"

url@^0.11.0:
  version "0.11.0"
  resolved "https://registry.yarnpkg.com/url/-/url-0.11.0.tgz#3838e97cfc60521eb73c525a8e55bfdd9e2e28f1"
  dependencies:
    punycode "1.3.2"
    querystring "0.2.0"

util@0.10.3, util@^0.10.3:
  version "0.10.3"
  resolved "https://registry.yarnpkg.com/util/-/util-0.10.3.tgz#7afb1afe50805246489e3db7fe0ed379336ac0f9"
  dependencies:
    inherits "2.0.1"

utils-merge@1.0.1:
  version "1.0.1"
  resolved "https://registry.yarnpkg.com/utils-merge/-/utils-merge-1.0.1.tgz#9f95710f50a267947b2ccc124741c1028427e713"

uuid@^3.0.0:
  version "3.1.0"
  resolved "https://registry.yarnpkg.com/uuid/-/uuid-3.1.0.tgz#3dd3d3e790abc24d7b0d3a034ffababe28ebbc04"

vary@~1.1.2:
  version "1.1.2"
  resolved "https://registry.yarnpkg.com/vary/-/vary-1.1.2.tgz#2299f02c6ded30d4a5961b0b9f74524a18f634fc"

warp10@^1.0.0:
  version "1.3.6"
  resolved "https://registry.yarnpkg.com/warp10/-/warp10-1.3.6.tgz#edffff4f06382d2e469ba88ccfcb95bb81d3bda6"

window-size@0.1.0:
  version "0.1.0"
  resolved "https://registry.yarnpkg.com/window-size/-/window-size-0.1.0.tgz#5438cd2ea93b202efa3a19fe8887aee7c94f9c9d"

wordwrap@0.0.2:
  version "0.0.2"
  resolved "https://registry.yarnpkg.com/wordwrap/-/wordwrap-0.0.2.tgz#b79669bb42ecb409f83d583cad52ca17eaa1643f"

wordwrap@~1.0.0:
  version "1.0.0"
  resolved "https://registry.yarnpkg.com/wordwrap/-/wordwrap-1.0.0.tgz#27584810891456a4171c8d0226441ade90cbcaeb"

wrappy@1:
  version "1.0.2"
  resolved "https://registry.yarnpkg.com/wrappy/-/wrappy-1.0.2.tgz#b5243d8f3ec1aa35f1364605bc0d1036e30ab69f"

yargs@~3.10.0:
  version "3.10.0"
  resolved "https://registry.yarnpkg.com/yargs/-/yargs-3.10.0.tgz#f7ee7bd857dd7c1d2d38c0e74efbd681d1431fd1"
  dependencies:
    camelcase "^1.0.2"
    cliui "^2.1.0"
    decamelize "^1.0.0"
    window-size "0.1.0"
